{
    "_readme": [
        "This file locks the dependencies of your project to a known state",
        "Read more about it at https://getcomposer.org/doc/01-basic-usage.md#installing-dependencies",
        "This file is @generated automatically"
    ],
    "content-hash": "2757fd442e3fbf72519039f4ca2532ba",
    "packages": [
        {
            "name": "aliyuncs/oss-sdk-php",
            "version": "v2.3.0",
            "source": {
                "type": "git",
                "url": "https://github.com/aliyun/aliyun-oss-php-sdk.git",
                "reference": "e69f57916678458642ac9d2fd341ae78a56996c8"
            },
            "dist": {
                "type": "zip",
                "url": "https://api.github.com/repos/aliyun/aliyun-oss-php-sdk/zipball/e69f57916678458642ac9d2fd341ae78a56996c8",
                "reference": "e69f57916678458642ac9d2fd341ae78a56996c8",
                "shasum": ""
            },
            "require": {
                "php": ">=5.3"
            },
            "require-dev": {
                "phpunit/phpunit": "~4.0",
                "satooshi/php-coveralls": "~1.0"
            },
            "type": "library",
            "autoload": {
                "psr-4": {
                    "OSS\\": "src/OSS"
                }
            },
            "notification-url": "https://packagist.org/downloads/",
            "license": [
                "MIT"
            ],
            "authors": [
                {
                    "name": "Aliyuncs",
                    "homepage": "http://www.aliyun.com"
                }
            ],
            "description": "Aliyun OSS SDK for PHP",
            "homepage": "http://www.aliyun.com/product/oss/",
            "time": "2018-01-08T06:59:35+00:00"
        },
        {
            "name": "flxxyz/framework",
            "version": "dev-dev",
            "source": {
                "type": "git",
                "url": "https://github.com/flxxyz/framework.git",
                "reference": "e90e18ba57c994e2717a4823dedeaa044f644aec"
            },
            "dist": {
                "type": "zip",
                "url": "https://api.github.com/repos/flxxyz/framework/zipball/e90e18ba57c994e2717a4823dedeaa044f644aec",
                "reference": "e90e18ba57c994e2717a4823dedeaa044f644aec",
                "shasum": ""
            },
            "require": {
                "aliyuncs/oss-sdk-php": "~2.0",
                "php": ">=7.0"
            },
            "type": "library",
            "autoload": {
                "psr-4": {
                    "Col\\": "src/"
                },
                "files": [
                    "src/functions.php"
                ]
            },
            "notification-url": "https://packagist.org/downloads/",
            "license": [
                "MIT"
            ],
            "authors": [
                {
                    "name": "flxxyz",
                    "email": "i@mdzz.name"
                }
            ],
            "description": "This is a simple PHP framework",
            "homepage": "https://github.com/flxxyz/framework",
            "time": "2018-12-14T10:04:52+00:00"
        }
    ],
    "packages-dev": [],
    "aliases": [],
    "minimum-stability": "stable",
    "stability-flags": {
        "flxxyz/framework": 20
    },
    "prefer-stable": false,
    "prefer-lowest": false,
    "platform": {
        "php": ">=7.0"
    },
    "platform-dev": []
}
