{
    "_readme": [
        "This file locks the dependencies of your project to a known state",
        "Read more about it at https://getcomposer.org/doc/01-basic-usage.md#composer-lock-the-lock-file",
        "This file is @generated automatically"
    ],
    "content-hash": "a0d340b68e5dc969412312f8edadd3bc",
    "packages": [
        {
            "name": "flxxyz/col",
            "version": "0.0.9",
            "source": {
                "type": "git",
                "url": "https://github.com/flxxyz/Col.git",
                "reference": "aab2e1accc47b946a8e75dde430aa6f98520e38d"
            },
            "dist": {
                "type": "zip",
                "url": "https://api.github.com/repos/flxxyz/Col/zipball/aab2e1accc47b946a8e75dde430aa6f98520e38d",
                "reference": "aab2e1accc47b946a8e75dde430aa6f98520e38d",
                "shasum": ""
            },
            "require": {
                "php": ">=7.0",
                "php-curl-class/php-curl-class": "^8.0",
                "vrana/notorm": "dev-master"
            },
            "type": "library",
            "autoload": {
                "psr-4": {
                    "Col\\": "src/"
                }
            },
            "notification-url": "https://packagist.org/downloads/",
            "license": [
                "MIT"
            ],
            "authors": [
                {
                    "name": "flxxyz",
                    "email": "i@0bug.work",
                    "homepage": "https://toyou.ren"
                }
            ],
            "description": "This is a simple PHP framework",
            "homepage": "http://github.com/flxxyz/Col",
            "keywords": [
                "Simple",
                "framework",
                "notorm",
                "php",
                "简单框架"
            ],
            "time": "2018-02-22T04:50:58+00:00"
        },
        {
            "name": "php-curl-class/php-curl-class",
            "version": "8.0.1",
            "source": {
                "type": "git",
                "url": "https://github.com/php-curl-class/php-curl-class.git",
                "reference": "bdfe1fcca0c32562050c84e01e3a4cbdc31e22fd"
            },
            "dist": {
                "type": "zip",
                "url": "https://api.github.com/repos/php-curl-class/php-curl-class/zipball/bdfe1fcca0c32562050c84e01e3a4cbdc31e22fd",
                "reference": "bdfe1fcca0c32562050c84e01e3a4cbdc31e22fd",
                "shasum": ""
            },
            "require": {
                "ext-curl": "*",
                "php": ">=5.3"
            },
            "require-dev": {
                "phpunit/phpunit": "*",
                "squizlabs/php_codesniffer": "*"
            },
            "type": "library",
            "autoload": {
                "psr-4": {
                    "Curl\\": "src/Curl/"
                }
            },
            "notification-url": "https://packagist.org/downloads/",
            "license": [
                "Unlicense"
            ],
            "authors": [
                {
                    "name": "Zach Borboa"
                }
            ],
            "description": "PHP Curl Class makes it easy to send HTTP requests and integrate with web APIs.",
            "homepage": "https://github.com/php-curl-class/php-curl-class",
            "keywords": [
                "api",
                "class",
                "client",
                "curl",
                "framework",
                "http",
                "http client",
                "json",
                "php",
                "requests",
                "rest",
                "restful",
                "web service",
                "xml"
            ],
            "time": "2018-01-27T15:40:39+00:00"
        },
        {
            "name": "vrana/notorm",
            "version": "dev-master",
            "source": {
                "type": "git",
                "url": "https://github.com/vrana/notorm.git",
                "reference": "e49d5d2f1bfe440dc82b61f46172635dfcb6f6dd"
            },
            "dist": {
                "type": "zip",
                "url": "https://api.github.com/repos/vrana/notorm/zipball/e49d5d2f1bfe440dc82b61f46172635dfcb6f6dd",
                "reference": "e49d5d2f1bfe440dc82b61f46172635dfcb6f6dd",
                "shasum": ""
            },
            "type": "library",
            "autoload": {
                "files": [
                    "NotORM.php"
                ]
            },
            "notification-url": "https://packagist.org/downloads/",
            "license": [
                "Apache-2.0",
                "GPL-2.0+"
            ],
            "authors": [
                {
                    "name": "Jakub Vrana",
                    "homepage": "http://www.vrana.cz/"
                }
            ],
            "description": "NotORM is a PHP library for simple working with data in the database.",
            "homepage": "http://www.notorm.com/",
            "keywords": [
                "database",
                "dbal"
            ],
            "time": "2014-10-30T16:55:08+00:00"
        }
    ],
    "packages-dev": [],
    "aliases": [],
    "minimum-stability": "stable",
    "stability-flags": {
        "vrana/notorm": 20
    },
    "prefer-stable": false,
    "prefer-lowest": false,
    "platform": [],
    "platform-dev": []
}
